
Microsoft Visual Studio Solution File, Format Version 12.00
# Visual Studio Version 17
VisualStudioVersion = 17.9.34622.214
MinimumVisualStudioVersion = 10.0.40219.1
Project("{2150E333-8FDC-42A3-9474-1A3956D46DE8}") = "Infrastructure", "Infrastructure", "{012E0A60-EB0C-46F7-A00A-BCBF04856168}"
EndProject
Project("{2150E333-8FDC-42A3-9474-1A3956D46DE8}") = "Services", "Services", "{A4BB6E78-90A3-4ADD-8837-6D8894762409}"
EndProject
Project("{2150E333-8FDC-42A3-9474-1A3956D46DE8}") = "ApiGateway", "ApiGateway", "{CBCC41C3-D2A4-470A-947B-CC532CB49C3E}"
EndProject
Project("{2150E333-8FDC-42A3-9474-1A3956D46DE8}") = "Core", "Core", "{2562CB9F-2518-48C9-A1EA-EA69EE79AC59}"
EndProject
Project("{9A19103F-16F7-4668-BE54-9A1E7A4F7556}") = "AppCore.Infrastructure", "Infrastructure\AppCore.Infrastructure\AppCore.Infrastructure.csproj", "{27CCDDDB-9D11-486E-A18E-D8BE02731D95}"
EndProject
Project("{9A19103F-16F7-4668-BE54-9A1E7A4F7556}") = "ApiGateway", "Services\ApiGateway\ApiGateway.csproj", "{A92494CC-07E6-4E0F-9331-04CAD2A7EC51}"
EndProject
Project("{2150E333-8FDC-42A3-9474-1A3956D46DE8}") = "Identity", "Identity", "{E553C3AA-56F4-4450-AAB8-1DCF5FA81F52}"
EndProject
Project("{9A19103F-16F7-4668-BE54-9A1E7A4F7556}") = "AppCore.Infrastructure.Persistence", "Infrastructure\AppCore.Infrastructure.Persistence\AppCore.Infrastructure.Persistence.csproj", "{AF84B331-231E-4572-AAB3-76017DD07967}"
EndProject
Project("{9A19103F-16F7-4668-BE54-9A1E7A4F7556}") = "AppCore.Identity.API", "Services\Identity\AppCore.Identity.API\AppCore.Identity.API.csproj", "{00AC7861-5C41-43F3-9461-1EB69A1D9A59}"
EndProject
Project("{9A19103F-16F7-4668-BE54-9A1E7A4F7556}") = "AppCore.Identity.Domain", "Services\Identity\AppCore.Identity.Domain\AppCore.Identity.Domain.csproj", "{A1E141B5-CF01-4B04-A040-500F1BE72E96}"
EndProject
Project("{9A19103F-16F7-4668-BE54-9A1E7A4F7556}") = "AppCore.Identity.Infrastructure", "Services\Identity\AppCore.Identity.Infrastructure\AppCore.Identity.Infrastructure.csproj", "{92E29897-BD90-4D78-BFA2-D26EC442D7D4}"
EndProject
Project("{9A19103F-16F7-4668-BE54-9A1E7A4F7556}") = "AppCore.Infrastructure.Cache", "Infrastructure\AppCore.Infrastructure.Cache\AppCore.Infrastructure.Cache.csproj", "{7B5A477A-7D6A-4639-A347-7A8733B86529}"
EndProject
Project("{9A19103F-16F7-4668-BE54-9A1E7A4F7556}") = "AppCore.Infrastructure.Grpc", "Infrastructure\AppCore.Infrastructure.Grpc\AppCore.Infrastructure.Grpc.csproj", "{818ECDEE-6F75-49D8-A7D8-F9D862C42EF1}"
EndProject
Project("{E53339B2-1760-4266-BCC7-CA923CBCF16C}") = "docker-compose", "docker-compose.dcproj", "{61A71E7E-5091-4DF6-A803-6E7EE217B260}"
EndProject
Project("{9A19103F-16F7-4668-BE54-9A1E7A4F7556}") = "AppCore.Core.API", "Services\Core\AppCore.Core.API\AppCore.Core.API.csproj", "{881E8894-3798-46C1-90D8-A63AF36F997C}"
EndProject
Project("{9A19103F-16F7-4668-BE54-9A1E7A4F7556}") = "AppCore.Core.Domain", "Services\Core\AppCore.Core.Domain\AppCore.Core.Domain.csproj", "{D7ADECB7-0835-4EA4-9D86-5D8A3C477BEE}"
EndProject
Project("{9A19103F-16F7-4668-BE54-9A1E7A4F7556}") = "AppCore.Core.Infrastructure", "Services\Core\AppCore.Core.Infrastructure\AppCore.Core.Infrastructure.csproj", "{D964F8A3-139C-4E05-8599-6DCB4BAC9C28}"
EndProject
Project("{9A19103F-16F7-4668-BE54-9A1E7A4F7556}") = "AppCore.Infrastructure.MQTTClient", "Infrastructure\AppCore.Infrastructure.MQTTClient\AppCore.Infrastructure.MQTTClient.csproj", "{1187CF9C-E9BE-4B50-9B46-5F738681B969}"
EndProject
Project("{2150E333-8FDC-42A3-9474-1A3956D46DE8}") = "Test", "Test", "{0F59CFAB-D120-4FC8-B1D4-B86E89601C4B}"
EndProject
Project("{2150E333-8FDC-42A3-9474-1A3956D46DE8}") = "Other", "Other", "{D6E59716-D88B-482D-A251-21D042DC52BA}"
EndProject
Project("{2150E333-8FDC-42A3-9474-1A3956D46DE8}") = "UnitTest", "UnitTest", "{B56BBD9E-4804-41C3-B8C5-BE46EE898FAC}"
EndProject
Project("{9A19103F-16F7-4668-BE54-9A1E7A4F7556}") = "AppCore.MQTTClient.Test", "Test\AppCore.MQTTClient.Test\AppCore.MQTTClient.Test.csproj", "{79E308AB-2504-4697-9D88-D1FD06C6A5E8}"
EndProject
Project("{9A19103F-16F7-4668-BE54-9A1E7A4F7556}") = "AppCore.Grpc.Test", "Test\AppCore.Grpc.Test\AppCore.Grpc.Test.csproj", "{61BEA792-F977-48D0-B647-FC9BCFE64F62}"
EndProject
Project("{9A19103F-16F7-4668-BE54-9A1E7A4F7556}") = "AppCore.Cache.Test", "Test\AppCore.Cache.Test\AppCore.Cache.Test.csproj", "{124F1006-340D-406D-8E4D-2DE7EDC1D483}"
EndProject
Global
	GlobalSection(SolutionConfigurationPlatforms) = preSolution
		Debug|Any CPU = Debug|Any CPU
		Release|Any CPU = Release|Any CPU
	EndGlobalSection
	GlobalSection(ProjectConfigurationPlatforms) = postSolution
		{27CCDDDB-9D11-486E-A18E-D8BE02731D95}.Debug|Any CPU.ActiveCfg = Debug|Any CPU
		{27CCDDDB-9D11-486E-A18E-D8BE02731D95}.Debug|Any CPU.Build.0 = Debug|Any CPU
		{27CCDDDB-9D11-486E-A18E-D8BE02731D95}.Release|Any CPU.ActiveCfg = Release|Any CPU
		{27CCDDDB-9D11-486E-A18E-D8BE02731D95}.Release|Any CPU.Build.0 = Release|Any CPU
		{A92494CC-07E6-4E0F-9331-04CAD2A7EC51}.Debug|Any CPU.ActiveCfg = Debug|Any CPU
		{A92494CC-07E6-4E0F-9331-04CAD2A7EC51}.Debug|Any CPU.Build.0 = Debug|Any CPU
		{A92494CC-07E6-4E0F-9331-04CAD2A7EC51}.Release|Any CPU.ActiveCfg = Release|Any CPU
		{A92494CC-07E6-4E0F-9331-04CAD2A7EC51}.Release|Any CPU.Build.0 = Release|Any CPU
		{AF84B331-231E-4572-AAB3-76017DD07967}.Debug|Any CPU.ActiveCfg = Debug|Any CPU
		{AF84B331-231E-4572-AAB3-76017DD07967}.Debug|Any CPU.Build.0 = Debug|Any CPU
		{AF84B331-231E-4572-AAB3-76017DD07967}.Release|Any CPU.ActiveCfg = Release|Any CPU
		{AF84B331-231E-4572-AAB3-76017DD07967}.Release|Any CPU.Build.0 = Release|Any CPU
		{00AC7861-5C41-43F3-9461-1EB69A1D9A59}.Debug|Any CPU.ActiveCfg = Debug|Any CPU
		{00AC7861-5C41-43F3-9461-1EB69A1D9A59}.Debug|Any CPU.Build.0 = Debug|Any CPU
		{00AC7861-5C41-43F3-9461-1EB69A1D9A59}.Release|Any CPU.ActiveCfg = Release|Any CPU
		{00AC7861-5C41-43F3-9461-1EB69A1D9A59}.Release|Any CPU.Build.0 = Release|Any CPU
		{A1E141B5-CF01-4B04-A040-500F1BE72E96}.Debug|Any CPU.ActiveCfg = Debug|Any CPU
		{A1E141B5-CF01-4B04-A040-500F1BE72E96}.Debug|Any CPU.Build.0 = Debug|Any CPU
		{A1E141B5-CF01-4B04-A040-500F1BE72E96}.Release|Any CPU.ActiveCfg = Release|Any CPU
		{A1E141B5-CF01-4B04-A040-500F1BE72E96}.Release|Any CPU.Build.0 = Release|Any CPU
		{92E29897-BD90-4D78-BFA2-D26EC442D7D4}.Debug|Any CPU.ActiveCfg = Debug|Any CPU
		{92E29897-BD90-4D78-BFA2-D26EC442D7D4}.Debug|Any CPU.Build.0 = Debug|Any CPU
		{92E29897-BD90-4D78-BFA2-D26EC442D7D4}.Release|Any CPU.ActiveCfg = Release|Any CPU
		{92E29897-BD90-4D78-BFA2-D26EC442D7D4}.Release|Any CPU.Build.0 = Release|Any CPU
		{7B5A477A-7D6A-4639-A347-7A8733B86529}.Debug|Any CPU.ActiveCfg = Debug|Any CPU
		{7B5A477A-7D6A-4639-A347-7A8733B86529}.Debug|Any CPU.Build.0 = Debug|Any CPU
		{7B5A477A-7D6A-4639-A347-7A8733B86529}.Release|Any CPU.ActiveCfg = Release|Any CPU
		{7B5A477A-7D6A-4639-A347-7A8733B86529}.Release|Any CPU.Build.0 = Release|Any CPU
		{818ECDEE-6F75-49D8-A7D8-F9D862C42EF1}.Debug|Any CPU.ActiveCfg = Debug|Any CPU
		{818ECDEE-6F75-49D8-A7D8-F9D862C42EF1}.Debug|Any CPU.Build.0 = Debug|Any CPU
		{818ECDEE-6F75-49D8-A7D8-F9D862C42EF1}.Release|Any CPU.ActiveCfg = Release|Any CPU
		{818ECDEE-6F75-49D8-A7D8-F9D862C42EF1}.Release|Any CPU.Build.0 = Release|Any CPU
		{61A71E7E-5091-4DF6-A803-6E7EE217B260}.Debug|Any CPU.ActiveCfg = Debug|Any CPU
		{61A71E7E-5091-4DF6-A803-6E7EE217B260}.Debug|Any CPU.Build.0 = Debug|Any CPU
		{61A71E7E-5091-4DF6-A803-6E7EE217B260}.Release|Any CPU.ActiveCfg = Release|Any CPU
		{61A71E7E-5091-4DF6-A803-6E7EE217B260}.Release|Any CPU.Build.0 = Release|Any CPU
		{881E8894-3798-46C1-90D8-A63AF36F997C}.Debug|Any CPU.ActiveCfg = Debug|Any CPU
		{881E8894-3798-46C1-90D8-A63AF36F997C}.Debug|Any CPU.Build.0 = Debug|Any CPU
		{881E8894-3798-46C1-90D8-A63AF36F997C}.Release|Any CPU.ActiveCfg = Release|Any CPU
		{881E8894-3798-46C1-90D8-A63AF36F997C}.Release|Any CPU.Build.0 = Release|Any CPU
		{D7ADECB7-0835-4EA4-9D86-5D8A3C477BEE}.Debug|Any CPU.ActiveCfg = Debug|Any CPU
		{D7ADECB7-0835-4EA4-9D86-5D8A3C477BEE}.Debug|Any CPU.Build.0 = Debug|Any CPU
		{D7ADECB7-0835-4EA4-9D86-5D8A3C477BEE}.Release|Any CPU.ActiveCfg = Release|Any CPU
		{D7ADECB7-0835-4EA4-9D86-5D8A3C477BEE}.Release|Any CPU.Build.0 = Release|Any CPU
		{D964F8A3-139C-4E05-8599-6DCB4BAC9C28}.Debug|Any CPU.ActiveCfg = Debug|Any CPU
		{D964F8A3-139C-4E05-8599-6DCB4BAC9C28}.Debug|Any CPU.Build.0 = Debug|Any CPU
		{D964F8A3-139C-4E05-8599-6DCB4BAC9C28}.Release|Any CPU.ActiveCfg = Release|Any CPU
		{D964F8A3-139C-4E05-8599-6DCB4BAC9C28}.Release|Any CPU.Build.0 = Release|Any CPU
		{1187CF9C-E9BE-4B50-9B46-5F738681B969}.Debug|Any CPU.ActiveCfg = Debug|Any CPU
		{1187CF9C-E9BE-4B50-9B46-5F738681B969}.Debug|Any CPU.Build.0 = Debug|Any CPU
		{1187CF9C-E9BE-4B50-9B46-5F738681B969}.Release|Any CPU.ActiveCfg = Release|Any CPU
		{1187CF9C-E9BE-4B50-9B46-5F738681B969}.Release|Any CPU.Build.0 = Release|Any CPU
		{79E308AB-2504-4697-9D88-D1FD06C6A5E8}.Debug|Any CPU.ActiveCfg = Debug|Any CPU
		{79E308AB-2504-4697-9D88-D1FD06C6A5E8}.Debug|Any CPU.Build.0 = Debug|Any CPU
		{79E308AB-2504-4697-9D88-D1FD06C6A5E8}.Release|Any CPU.ActiveCfg = Release|Any CPU
		{79E308AB-2504-4697-9D88-D1FD06C6A5E8}.Release|Any CPU.Build.0 = Release|Any CPU
		{61BEA792-F977-48D0-B647-FC9BCFE64F62}.Debug|Any CPU.ActiveCfg = Debug|Any CPU
		{61BEA792-F977-48D0-B647-FC9BCFE64F62}.Debug|Any CPU.Build.0 = Debug|Any CPU
		{61BEA792-F977-48D0-B647-FC9BCFE64F62}.Release|Any CPU.ActiveCfg = Release|Any CPU
		{61BEA792-F977-48D0-B647-FC9BCFE64F62}.Release|Any CPU.Build.0 = Release|Any CPU
		{124F1006-340D-406D-8E4D-2DE7EDC1D483}.Debug|Any CPU.ActiveCfg = Debug|Any CPU
		{124F1006-340D-406D-8E4D-2DE7EDC1D483}.Debug|Any CPU.Build.0 = Debug|Any CPU
		{124F1006-340D-406D-8E4D-2DE7EDC1D483}.Release|Any CPU.ActiveCfg = Release|Any CPU
		{124F1006-340D-406D-8E4D-2DE7EDC1D483}.Release|Any CPU.Build.0 = Release|Any CPU
	EndGlobalSection
	GlobalSection(SolutionProperties) = preSolution
		HideSolutionNode = FALSE
	EndGlobalSection
	GlobalSection(NestedProjects) = preSolution
		{CBCC41C3-D2A4-470A-947B-CC532CB49C3E} = {A4BB6E78-90A3-4ADD-8837-6D8894762409}
		{2562CB9F-2518-48C9-A1EA-EA69EE79AC59} = {A4BB6E78-90A3-4ADD-8837-6D8894762409}
		{27CCDDDB-9D11-486E-A18E-D8BE02731D95} = {012E0A60-EB0C-46F7-A00A-BCBF04856168}
		{A92494CC-07E6-4E0F-9331-04CAD2A7EC51} = {CBCC41C3-D2A4-470A-947B-CC532CB49C3E}
		{E553C3AA-56F4-4450-AAB8-1DCF5FA81F52} = {A4BB6E78-90A3-4ADD-8837-6D8894762409}
		{AF84B331-231E-4572-AAB3-76017DD07967} = {012E0A60-EB0C-46F7-A00A-BCBF04856168}
		{00AC7861-5C41-43F3-9461-1EB69A1D9A59} = {E553C3AA-56F4-4450-AAB8-1DCF5FA81F52}
		{A1E141B5-CF01-4B04-A040-500F1BE72E96} = {E553C3AA-56F4-4450-AAB8-1DCF5FA81F52}
		{92E29897-BD90-4D78-BFA2-D26EC442D7D4} = {E553C3AA-56F4-4450-AAB8-1DCF5FA81F52}
		{7B5A477A-7D6A-4639-A347-7A8733B86529} = {012E0A60-EB0C-46F7-A00A-BCBF04856168}
		{818ECDEE-6F75-49D8-A7D8-F9D862C42EF1} = {012E0A60-EB0C-46F7-A00A-BCBF04856168}
		{881E8894-3798-46C1-90D8-A63AF36F997C} = {2562CB9F-2518-48C9-A1EA-EA69EE79AC59}
		{D7ADECB7-0835-4EA4-9D86-5D8A3C477BEE} = {2562CB9F-2518-48C9-A1EA-EA69EE79AC59}
		{D964F8A3-139C-4E05-8599-6DCB4BAC9C28} = {2562CB9F-2518-48C9-A1EA-EA69EE79AC59}
		{1187CF9C-E9BE-4B50-9B46-5F738681B969} = {012E0A60-EB0C-46F7-A00A-BCBF04856168}
		{D6E59716-D88B-482D-A251-21D042DC52BA} = {0F59CFAB-D120-4FC8-B1D4-B86E89601C4B}
		{B56BBD9E-4804-41C3-B8C5-BE46EE898FAC} = {0F59CFAB-D120-4FC8-B1D4-B86E89601C4B}
		{79E308AB-2504-4697-9D88-D1FD06C6A5E8} = {D6E59716-D88B-482D-A251-21D042DC52BA}
		{61BEA792-F977-48D0-B647-FC9BCFE64F62} = {D6E59716-D88B-482D-A251-21D042DC52BA}
		{124F1006-340D-406D-8E4D-2DE7EDC1D483} = {D6E59716-D88B-482D-A251-21D042DC52BA}
	EndGlobalSection
	GlobalSection(ExtensibilityGlobals) = postSolution
		SolutionGuid = {79FD155F-3F63-4497-9869-82B0CDA6878E}
	EndGlobalSection
EndGlobal
